{
	"name": "@salmon-element/play",
	"version": "0.0.0",
	"lockfileVersion": 3,
	"requires": true,
	"packages": {
		"": {
			"name": "@salmon-element/play",
			"version": "0.0.0",
			"dependencies": {
				"@storybook/experimental-addon-test": "^8.6.4"
			},
			"devDependencies": {
				"@chromatic-com/storybook": "1.3.3",
				"@storybook/addon-essentials": "^8.0.10",
				"@storybook/addon-interactions": "^8.0.10",
				"@storybook/addon-links": "^8.0.10",
				"@storybook/blocks": "^8.0.10",
				"@storybook/test": "^8.0.10",
				"@storybook/vue3": "^8.0.10",
				"@storybook/vue3-vite": "^8.0.10",
				"@vitejs/plugin-vue": "^5.0.4",
				"chromatic": "^11.3.1",
				"storybook": "^8.0.10"
			}
		},
		"../../node_modules/.pnpm/@chromatic-com+storybook@1.3.3_react@19.0.0/node_modules/@chromatic-com/storybook": {
			"version": "1.3.3",
			"dev": true,
			"license": "MIT",
			"dependencies": {
				"chromatic": "^11.3.0",
				"filesize": "^10.0.12",
				"jsonfile": "^6.1.0",
				"react-confetti": "^6.1.0",
				"strip-ansi": "^7.1.0"
			},
			"devDependencies": {
				"@emotion/weak-memoize": "^0.3.1",
				"@graphql-codegen/cli": "^4.0.1",
				"@graphql-codegen/client-preset": "^4.0.1",
				"@graphql-typed-document-node/core": "^3.2.0",
				"@storybook/addon-actions": "^8.0.0",
				"@storybook/addon-designs": "^8.0.0",
				"@storybook/addon-essentials": "^8.0.0",
				"@storybook/addon-interactions": "^8.0.0",
				"@storybook/addon-mdx-gfm": "^8.0.0",
				"@storybook/blocks": "^8.0.0",
				"@storybook/channels": "^8.0.0",
				"@storybook/client-logger": "^8.0.0",
				"@storybook/components": "^8.0.0",
				"@storybook/core-events": "^8.0.0",
				"@storybook/eslint-config-storybook": "^3.1.2",
				"@storybook/icons": "^1.2.8",
				"@storybook/manager": "^8.0.0",
				"@storybook/manager-api": "^8.0.0",
				"@storybook/preview": "^8.0.0",
				"@storybook/react": "^8.0.0",
				"@storybook/react-vite": "^8.0.0",
				"@storybook/telemetry": "^8.0.0",
				"@storybook/test": "^8.0.0",
				"@storybook/testing-library": "^0.2.2",
				"@storybook/theming": "^8.0.0",
				"@storybook/types": "^8.0.0",
				"@types/jsonfile": "^6.1.1",
				"@types/node": "^18.15.0",
				"@types/pluralize": "^0.0.29",
				"@types/react": "^16.14.0",
				"@types/react-dom": "^16.9.24",
				"@typescript-eslint/eslint-plugin": "^5.59.11",
				"@typescript-eslint/parser": "^5.59.11",
				"@urql/exchange-auth": "^2.1.6",
				"@vitejs/plugin-react": "^3.1.0",
				"auto": "^11.0.5",
				"boxen": "^5.0.1",
				"date-fns": "^2.30.0",
				"dedent": "^0.7.0",
				"eslint": "^8.42.0",
				"eslint-plugin-jest": "^27.2.1",
				"eslint-plugin-simple-import-sort": "^10.0.0",
				"eslint-plugin-storybook": "^0.6.15",
				"graphql": "^16.8.1",
				"msw": "^2.0.0",
				"msw-storybook-addon": "2.0.0--canary.122.b3ed3b1.0",
				"npm-run-all": "^4.1.5",
				"pluralize": "^8.0.0",
				"polished": "^4.2.2",
				"prettier": "^2.8.8",
				"prompts": "^2.4.2",
				"prop-types": "^15.8.1",
				"react": "^16.14.0",
				"react-dom": "^16.14.0",
				"react-joyride": "^2.7.2",
				"rimraf": "^3.0.2",
				"storybook": "^8.0.0",
				"ts-dedent": "^2.2.0",
				"tsup": "^6.6.3",
				"typescript": "^4.9.5",
				"urql": "^4.0.3",
				"uuid": "^9.0.0",
				"vite": "^4.1.4",
				"vite-plugin-environment": "^1.1.3",
				"vite-plugin-turbosnap": "^1.0.3",
				"vitest": "^1.3.1",
				"zod": "^3.22.2",
				"zx": "^1.14.1"
			},
			"engines": {
				"node": ">=16.0.0",
				"yarn": ">=1.22.18"
			}
		},
		"../../node_modules/.pnpm/@storybook+addon-essentials_ab0ff16787eeeaf48ca7127591b1dafa/node_modules/@storybook/addon-essentials": {
			"version": "8.6.4",
			"dev": true,
			"license": "MIT",
			"dependencies": {
				"@storybook/addon-actions": "8.6.4",
				"@storybook/addon-backgrounds": "8.6.4",
				"@storybook/addon-controls": "8.6.4",
				"@storybook/addon-docs": "8.6.4",
				"@storybook/addon-highlight": "8.6.4",
				"@storybook/addon-measure": "8.6.4",
				"@storybook/addon-outline": "8.6.4",
				"@storybook/addon-toolbars": "8.6.4",
				"@storybook/addon-viewport": "8.6.4",
				"ts-dedent": "^2.0.0"
			},
			"devDependencies": {
				"typescript": "^5.7.3"
			},
			"funding": {
				"type": "opencollective",
				"url": "https://opencollective.com/storybook"
			},
			"peerDependencies": {
				"storybook": "^8.6.4"
			}
		},
		"../../node_modules/.pnpm/@storybook+addon-interactions@8.6.4_storybook@8.6.4/node_modules/@storybook/addon-interactions": {
			"version": "8.6.4",
			"dev": true,
			"license": "MIT",
			"dependencies": {
				"@storybook/global": "^5.0.0",
				"@storybook/instrumenter": "8.6.4",
				"@storybook/test": "8.6.4",
				"polished": "^4.2.2",
				"ts-dedent": "^2.2.0"
			},
			"devDependencies": {
				"@devtools-ds/object-inspector": "^1.1.2",
				"@storybook/icons": "^1.2.5",
				"@types/node": "^22.0.0",
				"ansi-to-html": "^0.7.2",
				"formik": "^2.2.9",
				"react": "^18.2.0",
				"react-dom": "^18.2.0",
				"typescript": "^5.7.3"
			},
			"funding": {
				"type": "opencollective",
				"url": "https://opencollective.com/storybook"
			},
			"peerDependencies": {
				"storybook": "^8.6.4"
			}
		},
		"../../node_modules/.pnpm/@storybook+addon-links@8.6.4_react@19.0.0_storybook@8.6.4/node_modules/@storybook/addon-links": {
			"version": "8.6.4",
			"dev": true,
			"license": "MIT",
			"dependencies": {
				"@storybook/global": "^5.0.0",
				"ts-dedent": "^2.0.0"
			},
			"devDependencies": {
				"typescript": "^5.7.3"
			},
			"funding": {
				"type": "opencollective",
				"url": "https://opencollective.com/storybook"
			},
			"peerDependencies": {
				"react": "^16.8.0 || ^17.0.0 || ^18.0.0 || ^19.0.0-beta",
				"storybook": "^8.6.4"
			},
			"peerDependenciesMeta": {
				"react": {
					"optional": true
				}
			}
		},
		"../../node_modules/.pnpm/@storybook+blocks@8.6.4_rea_ddf55220a44d40d1c7ef7500d83e2fd3/node_modules/@storybook/blocks": {
			"version": "8.6.4",
			"dev": true,
			"license": "MIT",
			"dependencies": {
				"@storybook/icons": "^1.2.12",
				"ts-dedent": "^2.0.0"
			},
			"devDependencies": {
				"@storybook/addon-actions": "8.6.4",
				"@storybook/react": "8.6.4",
				"@storybook/test": "8.6.4",
				"@types/color-convert": "^2.0.0",
				"color-convert": "^2.0.1",
				"es-toolkit": "^1.22.0",
				"github-slugger": "^2.0.0",
				"markdown-to-jsx": "^7.7.2",
				"memoizerific": "^1.11.3",
				"polished": "^4.2.2",
				"react-colorful": "^5.1.2",
				"telejson": "^7.2.0",
				"tocbot": "^4.20.1"
			},
			"funding": {
				"type": "opencollective",
				"url": "https://opencollective.com/storybook"
			},
			"peerDependencies": {
				"react": "^16.8.0 || ^17.0.0 || ^18.0.0 || ^19.0.0",
				"react-dom": "^16.8.0 || ^17.0.0 || ^18.0.0 || ^19.0.0",
				"storybook": "^8.6.4"
			},
			"peerDependenciesMeta": {
				"react": {
					"optional": true
				},
				"react-dom": {
					"optional": true
				}
			}
		},
		"../../node_modules/.pnpm/@storybook+test@8.6.4_storybook@8.6.4/node_modules/@storybook/test": {
			"version": "8.6.4",
			"license": "MIT",
			"dependencies": {
				"@storybook/global": "^5.0.0",
				"@storybook/instrumenter": "8.6.4",
				"@testing-library/dom": "10.4.0",
				"@testing-library/jest-dom": "6.5.0",
				"@testing-library/user-event": "14.5.2",
				"@vitest/expect": "2.0.5",
				"@vitest/spy": "2.0.5"
			},
			"devDependencies": {
				"chai": "^5.1.1",
				"tinyspy": "^3.0.0",
				"ts-dedent": "^2.2.0",
				"type-fest": "~2.19",
				"typescript": "^5.7.3"
			},
			"funding": {
				"type": "opencollective",
				"url": "https://opencollective.com/storybook"
			},
			"peerDependencies": {
				"storybook": "^8.6.4"
			}
		},
		"../../node_modules/.pnpm/@storybook+vue3-vite@8.6.4__a99cb2832548a26bba660b7171434562/node_modules/@storybook/vue3-vite": {
			"version": "8.6.4",
			"dev": true,
			"license": "MIT",
			"dependencies": {
				"@storybook/builder-vite": "8.6.4",
				"@storybook/vue3": "8.6.4",
				"find-package-json": "^1.2.0",
				"magic-string": "^0.30.0",
				"typescript": "^5.7.3",
				"vue-component-meta": "^2.0.0",
				"vue-docgen-api": "^4.75.1"
			},
			"devDependencies": {
				"@types/find-package-json": "^1.2.6",
				"@types/node": "^22.0.0",
				"typescript": "^5.7.3",
				"vite": "^4.0.0"
			},
			"engines": {
				"node": ">=18.0.0"
			},
			"funding": {
				"type": "opencollective",
				"url": "https://opencollective.com/storybook"
			},
			"peerDependencies": {
				"storybook": "^8.6.4",
				"vite": "^4.0.0 || ^5.0.0 || ^6.0.0"
			}
		},
		"../../node_modules/.pnpm/@storybook+vue3@8.6.4_story_f75e089ff7c2c16952878dbb1c461e1c/node_modules/@storybook/vue3": {
			"version": "8.6.4",
			"dev": true,
			"license": "MIT",
			"dependencies": {
				"@storybook/components": "8.6.4",
				"@storybook/global": "^5.0.0",
				"@storybook/manager-api": "8.6.4",
				"@storybook/preview-api": "8.6.4",
				"@storybook/theming": "8.6.4",
				"@vue/compiler-core": "^3.0.0",
				"ts-dedent": "^2.0.0",
				"type-fest": "~2.19",
				"vue-component-type-helpers": "latest"
			},
			"devDependencies": {
				"@digitak/esrun": "^3.2.2",
				"@testing-library/vue": "^8.0.0",
				"@types/prettier": "^3.0.0",
				"@vitejs/plugin-vue": "^4.4.0",
				"typescript": "^5.7.3",
				"vue": "^3.2.47",
				"vue-tsc": "latest"
			},
			"engines": {
				"node": ">=18.0.0"
			},
			"funding": {
				"type": "opencollective",
				"url": "https://opencollective.com/storybook"
			},
			"peerDependencies": {
				"storybook": "^8.6.4",
				"vue": "^3.0.0"
			}
		},
		"../../node_modules/.pnpm/@vitejs+plugin-vue@5.2.1_vi_5f1864de23d246c399fb2cf611438202/node_modules/@vitejs/plugin-vue": {
			"version": "5.2.1",
			"dev": true,
			"license": "MIT",
			"devDependencies": {
				"@jridgewell/gen-mapping": "^0.3.5",
				"@jridgewell/trace-mapping": "^0.3.25",
				"debug": "^4.3.7",
				"rollup": "^4.27.2",
				"slash": "^5.1.0",
				"source-map-js": "^1.2.1",
				"vite": "^6.0.0",
				"vue": "^3.5.12"
			},
			"engines": {
				"node": "^18.0.0 || >=20.0.0"
			},
			"peerDependencies": {
				"vite": "^5.0.0 || ^6.0.0",
				"vue": "^3.2.25"
			}
		},
		"../../node_modules/.pnpm/chromatic@11.27.0/node_modules/chromatic": {
			"version": "11.27.0",
			"dev": true,
			"license": "MIT",
			"bin": {
				"chroma": "dist/bin.js",
				"chromatic": "dist/bin.js",
				"chromatic-cli": "dist/bin.js"
			},
			"devDependencies": {
				"@actions/core": "^1.10.0",
				"@actions/github": "^5.0.0",
				"@antfu/ni": "^0.21.5",
				"@auto-it/slack": "^11.1.6",
				"@discoveryjs/json-ext": "^0.5.7",
				"@eslint-community/eslint-plugin-eslint-comments": "^4.3.0",
				"@sentry/cli": "^2.37.0",
				"@sentry/node": "^8.30.0",
				"@snyk/dep-graph": "^2.9.0",
				"@storybook/addon-essentials": "^8.1.5",
				"@storybook/addon-webpack5-compiler-swc": "^1.0.3",
				"@storybook/csf-tools": "^8.1.5",
				"@storybook/linter-config": "^4.0.0",
				"@storybook/react": "^8.1.5",
				"@storybook/react-webpack5": "^8.1.5",
				"@tsconfig/node16": "^16.1.1",
				"@types/archiver": "^5.3.1",
				"@types/async-retry": "^1.4.3",
				"@types/cross-spawn": "^6.0.2",
				"@types/fs-extra": "^9.0.13",
				"@types/jsonfile": "^6.0.1",
				"@types/listr": "^0.14.4",
				"@types/node": "18.x",
				"@types/picomatch": "^2.3.0",
				"@types/progress-stream": "^2.0.2",
				"@types/prompts": "^2.4.9",
				"@types/semver": "^7.3.9",
				"@types/webpack-env": "^1.18.5",
				"@typescript-eslint/eslint-plugin": "^6.8.0",
				"@typescript-eslint/parser": "^6.8.0",
				"@vitest/coverage-v8": "^2.0.5",
				"ansi-html": "0.0.9",
				"any-observable": "^0.5.1",
				"archiver": "^5.3.0",
				"async-retry": "^1.3.3",
				"auto": "^11.0.5",
				"boxen": "^7.1.1",
				"chalk": "^4.1.2",
				"clean-package": "^2.2.0",
				"cpy": "^8.1.2",
				"cross-env": "^7.0.3",
				"cross-spawn": "^7.0.2",
				"debug": "^4.3.2",
				"dotenv": "^16.4.5",
				"env-ci": "^11.1.0",
				"eslint": "^9.10.0",
				"eslint-config-prettier": "^9.0.0",
				"eslint-plugin-import": "^2.28.1",
				"eslint-plugin-jsdoc": "^48.2.6",
				"eslint-plugin-json": "^3.1.0",
				"eslint-plugin-no-secrets": "^1.0.2",
				"eslint-plugin-react": "^7.33.2",
				"eslint-plugin-security": "^3.0.0",
				"eslint-plugin-simple-import-sort": "^12.1.0",
				"eslint-plugin-sort-class-members": "^1.20.0",
				"eslint-plugin-unicorn": "^53.0.0",
				"esm": "^3.2.25",
				"execa": "^7.2.0",
				"fake-tag": "^2.0.0",
				"filesize": "^10.1.0",
				"find-up": "^7.0.0",
				"formdata-node": "^6.0.3",
				"fs-extra": "^10.0.0",
				"globals": "^15.3.0",
				"https-proxy-agent": "^7.0.2",
				"husky": "^7.0.0",
				"json5": "^2.2.3",
				"jsonfile": "^6.0.1",
				"junit-report-builder": "3.1.0",
				"listr": "0.14.3",
				"listr-update-renderer": "^0.5.0",
				"meow": "^9.0.0",
				"mock-fs": "^5.1.2",
				"no-proxy": "^1.0.3",
				"node-ask": "^1.0.1",
				"node-fetch": "3.2.10",
				"npm-run-all": "^4.0.2",
				"observable": "^2.1.4",
				"os-browserify": "^0.3.0",
				"p-limit": "3.1.0",
				"picomatch": "2.2.2",
				"pkg-up": "^3.1.0",
				"pluralize": "^8.0.0",
				"prettier": "^3.2.5",
				"progress-stream": "^2.0.0",
				"prompts": "^2.4.2",
				"prop-types": "^15.7.2",
				"react": "^17.0.2",
				"react-dom": "^17.0.2",
				"read-package-up": "^11.0.0",
				"semver": "^7.3.5",
				"slash": "^3.0.0",
				"snyk-nodejs-lockfile-parser": "^1.58.18",
				"snyk-nodejs-plugin": "^1.4.3",
				"sort-package-json": "1.50.0",
				"storybook": "^8.1.5",
				"string-argv": "^0.3.1",
				"strip-ansi": "^7.1.0",
				"tmp-promise": "3.0.2",
				"ts-dedent": "^1.0.0",
				"ts-loader": "^9.2.5",
				"tsup": "^7.2.0",
				"typescript": "^5.2.2",
				"typescript-eslint": "^7.11.0",
				"util-deprecate": "^1.0.2",
				"uuid": "^8.3.2",
				"vite": "^4.4.9",
				"vitest": "^2.0.5",
				"why-is-node-running": "^2.1.2",
				"xxhash-wasm": "^1.0.2",
				"yarn-or-npm": "^3.0.1",
				"zen-observable": "^0.8.15",
				"zod": "^3.22.2"
			},
			"peerDependencies": {
				"@chromatic-com/cypress": "^0.*.* || ^1.0.0",
				"@chromatic-com/playwright": "^0.*.* || ^1.0.0"
			},
			"peerDependenciesMeta": {
				"@chromatic-com/cypress": {
					"optional": true
				},
				"@chromatic-com/playwright": {
					"optional": true
				}
			}
		},
		"../../node_modules/.pnpm/storybook@8.6.4/node_modules/storybook": {
			"version": "8.6.4",
			"license": "MIT",
			"dependencies": {
				"@storybook/core": "8.6.4"
			},
			"bin": {
				"getstorybook": "bin/index.cjs",
				"sb": "bin/index.cjs",
				"storybook": "bin/index.cjs"
			},
			"devDependencies": {
				"typescript": "^5.7.3"
			},
			"funding": {
				"type": "opencollective",
				"url": "https://opencollective.com/storybook"
			},
			"peerDependencies": {
				"prettier": "^2 || ^3"
			},
			"peerDependenciesMeta": {
				"prettier": {
					"optional": true
				}
			}
		},
		"node_modules/@babel/runtime": {
			"version": "7.26.9",
			"resolved": "https://registry.npmmirror.com/@babel/runtime/-/runtime-7.26.9.tgz",
			"integrity": "sha512-aA63XwOkcl4xxQa3HjPMqOP6LiK0ZDv3mUPYEFXkpHbaFjtGggE1A61FjFzJnB+p7/oy2gA8E+rcBNl/zC1tMg==",
			"dependencies": {
				"regenerator-runtime": "^0.14.0"
			},
			"engines": {
				"node": ">=6.9.0"
			}
		},
		"node_modules/@chromatic-com/storybook": {
			"resolved": "../../node_modules/.pnpm/@chromatic-com+storybook@1.3.3_react@19.0.0/node_modules/@chromatic-com/storybook",
			"link": true
		},
		"node_modules/@storybook/addon-essentials": {
			"resolved": "../../node_modules/.pnpm/@storybook+addon-essentials_ab0ff16787eeeaf48ca7127591b1dafa/node_modules/@storybook/addon-essentials",
			"link": true
		},
		"node_modules/@storybook/addon-interactions": {
			"resolved": "../../node_modules/.pnpm/@storybook+addon-interactions@8.6.4_storybook@8.6.4/node_modules/@storybook/addon-interactions",
			"link": true
		},
		"node_modules/@storybook/addon-links": {
			"resolved": "../../node_modules/.pnpm/@storybook+addon-links@8.6.4_react@19.0.0_storybook@8.6.4/node_modules/@storybook/addon-links",
			"link": true
		},
		"node_modules/@storybook/blocks": {
			"resolved": "../../node_modules/.pnpm/@storybook+blocks@8.6.4_rea_ddf55220a44d40d1c7ef7500d83e2fd3/node_modules/@storybook/blocks",
			"link": true
		},
		"node_modules/@storybook/experimental-addon-test": {
			"version": "8.6.4",
			"resolved": "https://registry.npmmirror.com/@storybook/experimental-addon-test/-/experimental-addon-test-8.6.4.tgz",
			"integrity": "sha512-apFNRotG8+I0RNEFZt0oz5y5bvirQ4j/mu1IQNUSuX1tPyA6tV8VcFNBH/hgliX3xKLWrt3FMJEFo1xLGsa3BA==",
			"dependencies": {
				"@storybook/global": "^5.0.0",
				"@storybook/icons": "^1.2.12",
				"@storybook/instrumenter": "8.6.4",
				"@storybook/test": "8.6.4",
				"polished": "^4.2.2",
				"prompts": "^2.4.0",
				"ts-dedent": "^2.2.0"
			},
			"funding": {
				"type": "opencollective",
				"url": "https://opencollective.com/storybook"
			},
			"peerDependencies": {
				"@vitest/browser": "^2.1.1 || ^3.0.0",
				"@vitest/runner": "^2.1.1 || ^3.0.0",
				"storybook": "^8.6.4",
				"vitest": "^2.1.1 || ^3.0.0"
			},
			"peerDependenciesMeta": {
				"@vitest/browser": {
					"optional": true
				},
				"@vitest/runner": {
					"optional": true
				},
				"vitest": {
					"optional": true
				}
			}
		},
		"node_modules/@storybook/global": {
			"version": "5.0.0",
			"resolved": "https://registry.npmmirror.com/@storybook/global/-/global-5.0.0.tgz",
			"integrity": "sha512-FcOqPAXACP0I3oJ/ws6/rrPT9WGhu915Cg8D02a9YxLo0DE9zI+a9A5gRGvmQ09fiWPukqI8ZAEoQEdWUKMQdQ=="
		},
		"node_modules/@storybook/icons": {
			"version": "1.4.0",
			"resolved": "https://registry.npmmirror.com/@storybook/icons/-/icons-1.4.0.tgz",
			"integrity": "sha512-Td73IeJxOyalzvjQL+JXx72jlIYHgs+REaHiREOqfpo3A2AYYG71AUbcv+lg7mEDIweKVCxsMQ0UKo634c8XeA==",
			"engines": {
				"node": ">=14.0.0"
			},
			"peerDependencies": {
				"react": "^16.8.0 || ^17.0.0 || ^18.0.0 || ^19.0.0-beta",
				"react-dom": "^16.8.0 || ^17.0.0 || ^18.0.0 || ^19.0.0-beta"
			}
		},
		"node_modules/@storybook/instrumenter": {
			"version": "8.6.4",
			"resolved": "https://registry.npmmirror.com/@storybook/instrumenter/-/instrumenter-8.6.4.tgz",
			"integrity": "sha512-8OtIWLhayTUdqJEeXiPm6l3LTdSkWgQzzV2l2HIe4Adedeot+Rkwu6XHmyRDpnb0+Ish6zmMDqtJBxC2PQsy6Q==",
			"dependencies": {
				"@storybook/global": "^5.0.0",
				"@vitest/utils": "^2.1.1"
			},
			"funding": {
				"type": "opencollective",
				"url": "https://opencollective.com/storybook"
			},
			"peerDependencies": {
				"storybook": "^8.6.4"
			}
		},
		"node_modules/@storybook/test": {
			"resolved": "../../node_modules/.pnpm/@storybook+test@8.6.4_storybook@8.6.4/node_modules/@storybook/test",
			"link": true
		},
		"node_modules/@storybook/vue3": {
			"resolved": "../../node_modules/.pnpm/@storybook+vue3@8.6.4_story_f75e089ff7c2c16952878dbb1c461e1c/node_modules/@storybook/vue3",
			"link": true
		},
		"node_modules/@storybook/vue3-vite": {
			"resolved": "../../node_modules/.pnpm/@storybook+vue3-vite@8.6.4__a99cb2832548a26bba660b7171434562/node_modules/@storybook/vue3-vite",
			"link": true
		},
		"node_modules/@vitejs/plugin-vue": {
			"resolved": "../../node_modules/.pnpm/@vitejs+plugin-vue@5.2.1_vi_5f1864de23d246c399fb2cf611438202/node_modules/@vitejs/plugin-vue",
			"link": true
		},
		"node_modules/@vitest/pretty-format": {
			"version": "2.1.9",
			"resolved": "https://registry.npmmirror.com/@vitest/pretty-format/-/pretty-format-2.1.9.tgz",
			"integrity": "sha512-KhRIdGV2U9HOUzxfiHmY8IFHTdqtOhIzCpd8WRdJiE7D/HUcZVD0EgQCVjm+Q9gkUXWgBvMmTtZgIG48wq7sOQ==",
			"dependencies": {
				"tinyrainbow": "^1.2.0"
			},
			"funding": {
				"url": "https://opencollective.com/vitest"
			}
		},
		"node_modules/@vitest/utils": {
			"version": "2.1.9",
			"resolved": "https://registry.npmmirror.com/@vitest/utils/-/utils-2.1.9.tgz",
			"integrity": "sha512-v0psaMSkNJ3A2NMrUEHFRzJtDPFn+/VWZ5WxImB21T9fjucJRmS7xCS3ppEnARb9y11OAzaD+P2Ps+b+BGX5iQ==",
			"dependencies": {
				"@vitest/pretty-format": "2.1.9",
				"loupe": "^3.1.2",
				"tinyrainbow": "^1.2.0"
			},
			"funding": {
				"url": "https://opencollective.com/vitest"
			}
		},
		"node_modules/chromatic": {
			"resolved": "../../node_modules/.pnpm/chromatic@11.27.0/node_modules/chromatic",
			"link": true
		},
		"node_modules/kleur": {
			"version": "3.0.3",
			"resolved": "https://registry.npmmirror.com/kleur/-/kleur-3.0.3.tgz",
			"integrity": "sha512-eTIzlVOSUR+JxdDFepEYcBMtZ9Qqdef+rnzWdRZuMbOywu5tO2w2N7rqjoANZ5k9vywhL6Br1VRjUIgTQx4E8w==",
			"engines": {
				"node": ">=6"
			}
		},
		"node_modules/loupe": {
			"version": "3.1.3",
			"resolved": "https://registry.npmmirror.com/loupe/-/loupe-3.1.3.tgz",
			"integrity": "sha512-kkIp7XSkP78ZxJEsSxW3712C6teJVoeHHwgo9zJ380de7IYyJ2ISlxojcH2pC5OFLewESmnRi/+XCDIEEVyoug=="
		},
		"node_modules/polished": {
			"version": "4.3.1",
			"resolved": "https://registry.npmmirror.com/polished/-/polished-4.3.1.tgz",
			"integrity": "sha512-OBatVyC/N7SCW/FaDHrSd+vn0o5cS855TOmYi4OkdWUMSJCET/xip//ch8xGUvtr3i44X9LVyWwQlRMTN3pwSA==",
			"dependencies": {
				"@babel/runtime": "^7.17.8"
			},
			"engines": {
				"node": ">=10"
			}
		},
		"node_modules/prompts": {
			"version": "2.4.2",
			"resolved": "https://registry.npmmirror.com/prompts/-/prompts-2.4.2.tgz",
			"integrity": "sha512-NxNv/kLguCA7p3jE8oL2aEBsrJWgAakBpgmgK6lpPWV+WuOmY6r2/zbAVnP+T8bQlA0nzHXSJSJW0Hq7ylaD2Q==",
			"dependencies": {
				"kleur": "^3.0.3",
				"sisteransi": "^1.0.5"
			},
			"engines": {
				"node": ">= 6"
			}
		},
		"node_modules/react": {
			"version": "19.0.0",
			"resolved": "https://registry.npmmirror.com/react/-/react-19.0.0.tgz",
			"integrity": "sha512-V8AVnmPIICiWpGfm6GLzCR/W5FXLchHop40W4nXBmdlEceh16rCN8O8LNWm5bh5XUX91fh7KpA+W0TgMKmgTpQ==",
			"peer": true,
			"engines": {
				"node": ">=0.10.0"
			}
		},
		"node_modules/react-dom": {
			"version": "19.0.0",
			"resolved": "https://registry.npmmirror.com/react-dom/-/react-dom-19.0.0.tgz",
			"integrity": "sha512-4GV5sHFG0e/0AD4X+ySy6UJd3jVl1iNsNHdpad0qhABJ11twS3TTBnseqsKurKcsNqCEFeGL3uLpVChpIO3QfQ==",
			"peer": true,
			"dependencies": {
				"scheduler": "^0.25.0"
			},
			"peerDependencies": {
				"react": "^19.0.0"
			}
		},
		"node_modules/regenerator-runtime": {
			"version": "0.14.1",
			"resolved": "https://registry.npmmirror.com/regenerator-runtime/-/regenerator-runtime-0.14.1.tgz",
			"integrity": "sha512-dYnhHh0nJoMfnkZs6GmmhFknAGRrLznOu5nc9ML+EJxGvrx6H7teuevqVqCuPcPK//3eDrrjQhehXVx9cnkGdw=="
		},
		"node_modules/scheduler": {
			"version": "0.25.0",
			"resolved": "https://registry.npmmirror.com/scheduler/-/scheduler-0.25.0.tgz",
			"integrity": "sha512-xFVuu11jh+xcO7JOAGJNOXld8/TcEHK/4CituBUeUb5hqxJLj9YuemAEuvm9gQ/+pgXYfbQuqAkiYu+u7YEsNA==",
			"peer": true
		},
		"node_modules/sisteransi": {
			"version": "1.0.5",
			"resolved": "https://registry.npmmirror.com/sisteransi/-/sisteransi-1.0.5.tgz",
			"integrity": "sha512-bLGGlR1QxBcynn2d5YmDX4MGjlZvy2MRBDRNHLJ8VI6l6+9FUiyTFNJ0IveOSP0bcXgVDPRcfGqA0pjaqUpfVg=="
		},
		"node_modules/storybook": {
			"resolved": "../../node_modules/.pnpm/storybook@8.6.4/node_modules/storybook",
			"link": true
		},
		"node_modules/tinyrainbow": {
			"version": "1.2.0",
			"resolved": "https://registry.npmmirror.com/tinyrainbow/-/tinyrainbow-1.2.0.tgz",
			"integrity": "sha512-weEDEq7Z5eTHPDh4xjX789+fHfF+P8boiFB+0vbWzpbnbsEr/GRaohi/uMKxg8RZMXnl1ItAi/IUHWMsjDV7kQ==",
			"engines": {
				"node": ">=14.0.0"
			}
		},
		"node_modules/ts-dedent": {
			"version": "2.2.0",
			"resolved": "https://registry.npmmirror.com/ts-dedent/-/ts-dedent-2.2.0.tgz",
			"integrity": "sha512-q5W7tVM71e2xjHZTlgfTDoPF/SmqKG5hddq9SzR49CH2hayqRKJtQ4mtRlSxKaJlR/+9rEM+mnBHf7I2/BQcpQ==",
			"engines": {
				"node": ">=6.10"
			}
		}
	}
}
